
Microsoft Visual Studio Solution File, Format Version 12.00
# Visual Studio 15
VisualStudioVersion = 15.0.27130.2027
MinimumVisualStudioVersion = 10.0.40219.1
Project("{9A19103F-16F7-4668-BE54-9A1E7A4F7556}") = "Exercise_2", "Exercise_2\Exercise_2.csproj", "{7236B135-9012-4D5F-B182-6827851E1E12}"
EndProject
Global
	GlobalSection(SolutionConfigurationPlatforms) = preSolution
		Debug|Any CPU = Debug|Any CPU
		Release|Any CPU = Release|Any CPU
	EndGlobalSection
	GlobalSection(ProjectConfigurationPlatforms) = postSolution
		{7236B135-9012-4D5F-B182-6827851E1E12}.Debug|Any CPU.ActiveCfg = Debug|Any CPU
		{7236B135-9012-4D5F-B182-6827851E1E12}.Debug|Any CPU.Build.0 = Debug|Any CPU
		{7236B135-9012-4D5F-B182-6827851E1E12}.Release|Any CPU.ActiveCfg = Release|Any CPU
		{7236B135-9012-4D5F-B182-6827851E1E12}.Release|Any CPU.Build.0 = Release|Any CPU
	EndGlobalSection
	GlobalSection(SolutionProperties) = preSolution
		HideSolutionNode = FALSE
	EndGlobalSection
	GlobalSection(ExtensibilityGlobals) = postSolution
		SolutionGuid = {0709A181-7308-4FDB-82C0-21507F95EF75}
	EndGlobalSection
EndGlobal
